
Microsoft Visual Studio Solution File, Format Version 12.00
# Visual Studio Version 17
VisualStudioVersion = 17.11.35303.130
MinimumVisualStudioVersion = 10.0.40219.1
Project("{FAE04EC0-301F-11D3-BF4B-00C04F79EFBC}") = "Homework", "Homework\Homework.csproj", "{F947E0E4-6176-4673-BC62-F1555C9B996E}"
EndProject
Global
	GlobalSection(SolutionConfigurationPlatforms) = preSolution
		Debug|Any CPU = Debug|Any CPU
		Release|Any CPU = Release|Any CPU
	EndGlobalSection
	GlobalSection(ProjectConfigurationPlatforms) = postSolution
		{F947E0E4-6176-4673-BC62-F1555C9B996E}.Debug|Any CPU.ActiveCfg = Debug|Any CPU
		{F947E0E4-6176-4673-BC62-F1555C9B996E}.Debug|Any CPU.Build.0 = Debug|Any CPU
		{F947E0E4-6176-4673-BC62-F1555C9B996E}.Release|Any CPU.ActiveCfg = Release|Any CPU
		{F947E0E4-6176-4673-BC62-F1555C9B996E}.Release|Any CPU.Build.0 = Release|Any CPU
	EndGlobalSection
	GlobalSection(SolutionProperties) = preSolution
		HideSolutionNode = FALSE
	EndGlobalSection
	GlobalSection(ExtensibilityGlobals) = postSolution
		SolutionGuid = {CA1B7D12-C66D-4880-A920-5CCBF0E7F042}
	EndGlobalSection
EndGlobal
